
Microsoft Visual Studio Solution File, Format Version 12.00
# Visual Studio 15
VisualStudioVersion = 15.0.26124.0
MinimumVisualStudioVersion = 15.0.26124.0
Project("{2150E333-8FDC-42A3-9474-1A3956D46DE8}") = "src", "src", "{E74301C4-C286-4BAB-AA33-6C139E8BB4E1}"
EndProject
Project("{FAE04EC0-301F-11D3-BF4B-00C04F79EFBC}") = "Domain", "src\Domain\Domain.csproj", "{70C83F37-0EC7-4ACD-9353-E30040132698}"
EndProject
Project("{FAE04EC0-301F-11D3-BF4B-00C04F79EFBC}") = "Infrastructure", "src\Infrastructure\Infrastructure.csproj", "{4BAED812-C097-4B4F-A59B-F595C1D21EEA}"
EndProject
Project("{FAE04EC0-301F-11D3-BF4B-00C04F79EFBC}") = "Application", "src\Application\Application.csproj", "{0025FBB2-87A9-438D-913C-0A7874744DE2}"
EndProject
Project("{FAE04EC0-301F-11D3-BF4B-00C04F79EFBC}") = "WebApi", "src\WebApi\WebApi.csproj", "{60F3D6B4-F4BA-4EF1-A0AF-1EEB680BF4E1}"
EndProject
Project("{2150E333-8FDC-42A3-9474-1A3956D46DE8}") = "tests", "tests", "{13C5ABCC-FC1B-4435-9F26-3F96F8750B52}"
EndProject
Project("{FAE04EC0-301F-11D3-BF4B-00C04F79EFBC}") = "Domain.Test", "tests\Domain.Test\Domain.Test.csproj", "{3E212D89-FD1B-4FE2-AD43-C57CB64EB0CE}"
EndProject
Project("{FAE04EC0-301F-11D3-BF4B-00C04F79EFBC}") = "Application.Test", "tests\Application.Test\Application.Test.csproj", "{BFAFF70A-B180-42E6-AEEA-64D267481C1A}"
EndProject
Global
	GlobalSection(SolutionConfigurationPlatforms) = preSolution
		Debug|Any CPU = Debug|Any CPU
		Debug|x64 = Debug|x64
		Debug|x86 = Debug|x86
		Release|Any CPU = Release|Any CPU
		Release|x64 = Release|x64
		Release|x86 = Release|x86
	EndGlobalSection
	GlobalSection(SolutionProperties) = preSolution
		HideSolutionNode = FALSE
	EndGlobalSection
	GlobalSection(ProjectConfigurationPlatforms) = postSolution
		{70C83F37-0EC7-4ACD-9353-E30040132698}.Debug|Any CPU.ActiveCfg = Debug|Any CPU
		{70C83F37-0EC7-4ACD-9353-E30040132698}.Debug|Any CPU.Build.0 = Debug|Any CPU
		{70C83F37-0EC7-4ACD-9353-E30040132698}.Debug|x64.ActiveCfg = Debug|Any CPU
		{70C83F37-0EC7-4ACD-9353-E30040132698}.Debug|x64.Build.0 = Debug|Any CPU
		{70C83F37-0EC7-4ACD-9353-E30040132698}.Debug|x86.ActiveCfg = Debug|Any CPU
		{70C83F37-0EC7-4ACD-9353-E30040132698}.Debug|x86.Build.0 = Debug|Any CPU
		{70C83F37-0EC7-4ACD-9353-E30040132698}.Release|Any CPU.ActiveCfg = Release|Any CPU
		{70C83F37-0EC7-4ACD-9353-E30040132698}.Release|Any CPU.Build.0 = Release|Any CPU
		{70C83F37-0EC7-4ACD-9353-E30040132698}.Release|x64.ActiveCfg = Release|Any CPU
		{70C83F37-0EC7-4ACD-9353-E30040132698}.Release|x64.Build.0 = Release|Any CPU
		{70C83F37-0EC7-4ACD-9353-E30040132698}.Release|x86.ActiveCfg = Release|Any CPU
		{70C83F37-0EC7-4ACD-9353-E30040132698}.Release|x86.Build.0 = Release|Any CPU
		{4BAED812-C097-4B4F-A59B-F595C1D21EEA}.Debug|Any CPU.ActiveCfg = Debug|Any CPU
		{4BAED812-C097-4B4F-A59B-F595C1D21EEA}.Debug|Any CPU.Build.0 = Debug|Any CPU
		{4BAED812-C097-4B4F-A59B-F595C1D21EEA}.Debug|x64.ActiveCfg = Debug|Any CPU
		{4BAED812-C097-4B4F-A59B-F595C1D21EEA}.Debug|x64.Build.0 = Debug|Any CPU
		{4BAED812-C097-4B4F-A59B-F595C1D21EEA}.Debug|x86.ActiveCfg = Debug|Any CPU
		{4BAED812-C097-4B4F-A59B-F595C1D21EEA}.Debug|x86.Build.0 = Debug|Any CPU
		{4BAED812-C097-4B4F-A59B-F595C1D21EEA}.Release|Any CPU.ActiveCfg = Release|Any CPU
		{4BAED812-C097-4B4F-A59B-F595C1D21EEA}.Release|Any CPU.Build.0 = Release|Any CPU
		{4BAED812-C097-4B4F-A59B-F595C1D21EEA}.Release|x64.ActiveCfg = Release|Any CPU
		{4BAED812-C097-4B4F-A59B-F595C1D21EEA}.Release|x64.Build.0 = Release|Any CPU
		{4BAED812-C097-4B4F-A59B-F595C1D21EEA}.Release|x86.ActiveCfg = Release|Any CPU
		{4BAED812-C097-4B4F-A59B-F595C1D21EEA}.Release|x86.Build.0 = Release|Any CPU
		{0025FBB2-87A9-438D-913C-0A7874744DE2}.Debug|Any CPU.ActiveCfg = Debug|Any CPU
		{0025FBB2-87A9-438D-913C-0A7874744DE2}.Debug|Any CPU.Build.0 = Debug|Any CPU
		{0025FBB2-87A9-438D-913C-0A7874744DE2}.Debug|x64.ActiveCfg = Debug|Any CPU
		{0025FBB2-87A9-438D-913C-0A7874744DE2}.Debug|x64.Build.0 = Debug|Any CPU
		{0025FBB2-87A9-438D-913C-0A7874744DE2}.Debug|x86.ActiveCfg = Debug|Any CPU
		{0025FBB2-87A9-438D-913C-0A7874744DE2}.Debug|x86.Build.0 = Debug|Any CPU
		{0025FBB2-87A9-438D-913C-0A7874744DE2}.Release|Any CPU.ActiveCfg = Release|Any CPU
		{0025FBB2-87A9-438D-913C-0A7874744DE2}.Release|Any CPU.Build.0 = Release|Any CPU
		{0025FBB2-87A9-438D-913C-0A7874744DE2}.Release|x64.ActiveCfg = Release|Any CPU
		{0025FBB2-87A9-438D-913C-0A7874744DE2}.Release|x64.Build.0 = Release|Any CPU
		{0025FBB2-87A9-438D-913C-0A7874744DE2}.Release|x86.ActiveCfg = Release|Any CPU
		{0025FBB2-87A9-438D-913C-0A7874744DE2}.Release|x86.Build.0 = Release|Any CPU
		{60F3D6B4-F4BA-4EF1-A0AF-1EEB680BF4E1}.Debug|Any CPU.ActiveCfg = Debug|Any CPU
		{60F3D6B4-F4BA-4EF1-A0AF-1EEB680BF4E1}.Debug|Any CPU.Build.0 = Debug|Any CPU
		{60F3D6B4-F4BA-4EF1-A0AF-1EEB680BF4E1}.Debug|x64.ActiveCfg = Debug|Any CPU
		{60F3D6B4-F4BA-4EF1-A0AF-1EEB680BF4E1}.Debug|x64.Build.0 = Debug|Any CPU
		{60F3D6B4-F4BA-4EF1-A0AF-1EEB680BF4E1}.Debug|x86.ActiveCfg = Debug|Any CPU
		{60F3D6B4-F4BA-4EF1-A0AF-1EEB680BF4E1}.Debug|x86.Build.0 = Debug|Any CPU
		{60F3D6B4-F4BA-4EF1-A0AF-1EEB680BF4E1}.Release|Any CPU.ActiveCfg = Release|Any CPU
		{60F3D6B4-F4BA-4EF1-A0AF-1EEB680BF4E1}.Release|Any CPU.Build.0 = Release|Any CPU
		{60F3D6B4-F4BA-4EF1-A0AF-1EEB680BF4E1}.Release|x64.ActiveCfg = Release|Any CPU
		{60F3D6B4-F4BA-4EF1-A0AF-1EEB680BF4E1}.Release|x64.Build.0 = Release|Any CPU
		{60F3D6B4-F4BA-4EF1-A0AF-1EEB680BF4E1}.Release|x86.ActiveCfg = Release|Any CPU
		{60F3D6B4-F4BA-4EF1-A0AF-1EEB680BF4E1}.Release|x86.Build.0 = Release|Any CPU
		{3E212D89-FD1B-4FE2-AD43-C57CB64EB0CE}.Debug|Any CPU.ActiveCfg = Debug|Any CPU
		{3E212D89-FD1B-4FE2-AD43-C57CB64EB0CE}.Debug|Any CPU.Build.0 = Debug|Any CPU
		{3E212D89-FD1B-4FE2-AD43-C57CB64EB0CE}.Debug|x64.ActiveCfg = Debug|Any CPU
		{3E212D89-FD1B-4FE2-AD43-C57CB64EB0CE}.Debug|x64.Build.0 = Debug|Any CPU
		{3E212D89-FD1B-4FE2-AD43-C57CB64EB0CE}.Debug|x86.ActiveCfg = Debug|Any CPU
		{3E212D89-FD1B-4FE2-AD43-C57CB64EB0CE}.Debug|x86.Build.0 = Debug|Any CPU
		{3E212D89-FD1B-4FE2-AD43-C57CB64EB0CE}.Release|Any CPU.ActiveCfg = Release|Any CPU
		{3E212D89-FD1B-4FE2-AD43-C57CB64EB0CE}.Release|Any CPU.Build.0 = Release|Any CPU
		{3E212D89-FD1B-4FE2-AD43-C57CB64EB0CE}.Release|x64.ActiveCfg = Release|Any CPU
		{3E212D89-FD1B-4FE2-AD43-C57CB64EB0CE}.Release|x64.Build.0 = Release|Any CPU
		{3E212D89-FD1B-4FE2-AD43-C57CB64EB0CE}.Release|x86.ActiveCfg = Release|Any CPU
		{3E212D89-FD1B-4FE2-AD43-C57CB64EB0CE}.Release|x86.Build.0 = Release|Any CPU
		{BFAFF70A-B180-42E6-AEEA-64D267481C1A}.Debug|Any CPU.ActiveCfg = Debug|Any CPU
		{BFAFF70A-B180-42E6-AEEA-64D267481C1A}.Debug|Any CPU.Build.0 = Debug|Any CPU
		{BFAFF70A-B180-42E6-AEEA-64D267481C1A}.Debug|x64.ActiveCfg = Debug|Any CPU
		{BFAFF70A-B180-42E6-AEEA-64D267481C1A}.Debug|x64.Build.0 = Debug|Any CPU
		{BFAFF70A-B180-42E6-AEEA-64D267481C1A}.Debug|x86.ActiveCfg = Debug|Any CPU
		{BFAFF70A-B180-42E6-AEEA-64D267481C1A}.Debug|x86.Build.0 = Debug|Any CPU
		{BFAFF70A-B180-42E6-AEEA-64D267481C1A}.Release|Any CPU.ActiveCfg = Release|Any CPU
		{BFAFF70A-B180-42E6-AEEA-64D267481C1A}.Release|Any CPU.Build.0 = Release|Any CPU
		{BFAFF70A-B180-42E6-AEEA-64D267481C1A}.Release|x64.ActiveCfg = Release|Any CPU
		{BFAFF70A-B180-42E6-AEEA-64D267481C1A}.Release|x64.Build.0 = Release|Any CPU
		{BFAFF70A-B180-42E6-AEEA-64D267481C1A}.Release|x86.ActiveCfg = Release|Any CPU
		{BFAFF70A-B180-42E6-AEEA-64D267481C1A}.Release|x86.Build.0 = Release|Any CPU
	EndGlobalSection
	GlobalSection(NestedProjects) = preSolution
		{70C83F37-0EC7-4ACD-9353-E30040132698} = {E74301C4-C286-4BAB-AA33-6C139E8BB4E1}
		{4BAED812-C097-4B4F-A59B-F595C1D21EEA} = {E74301C4-C286-4BAB-AA33-6C139E8BB4E1}
		{0025FBB2-87A9-438D-913C-0A7874744DE2} = {E74301C4-C286-4BAB-AA33-6C139E8BB4E1}
		{60F3D6B4-F4BA-4EF1-A0AF-1EEB680BF4E1} = {E74301C4-C286-4BAB-AA33-6C139E8BB4E1}
		{3E212D89-FD1B-4FE2-AD43-C57CB64EB0CE} = {13C5ABCC-FC1B-4435-9F26-3F96F8750B52}
		{BFAFF70A-B180-42E6-AEEA-64D267481C1A} = {13C5ABCC-FC1B-4435-9F26-3F96F8750B52}
	EndGlobalSection
EndGlobal
